
Microsoft Visual Studio Solution File, Format Version 12.00
# Visual Studio Version 17
VisualStudioVersion = 17.2.32616.157
MinimumVisualStudioVersion = 10.0.40219.1
Project("{FAE04EC0-301F-11D3-BF4B-00C04F79EFBC}") = "GetVersion", "GetVersion\GetVersion.csproj", "{0BC98BAA-B124-4143-AACC-FAE48276AB2F}"
EndProject
Global
	GlobalSection(SolutionConfigurationPlatforms) = preSolution
		Debug|Any CPU = Debug|Any CPU
		Release|Any CPU = Release|Any CPU
	EndGlobalSection
	GlobalSection(ProjectConfigurationPlatforms) = postSolution
		{0BC98BAA-B124-4143-AACC-FAE48276AB2F}.Debug|Any CPU.ActiveCfg = Debug|Any CPU
		{0BC98BAA-B124-4143-AACC-FAE48276AB2F}.Debug|Any CPU.Build.0 = Debug|Any CPU
		{0BC98BAA-B124-4143-AACC-FAE48276AB2F}.Release|Any CPU.ActiveCfg = Release|Any CPU
		{0BC98BAA-B124-4143-AACC-FAE48276AB2F}.Release|Any CPU.Build.0 = Release|Any CPU
	EndGlobalSection
	GlobalSection(SolutionProperties) = preSolution
		HideSolutionNode = FALSE
	EndGlobalSection
	GlobalSection(ExtensibilityGlobals) = postSolution
		SolutionGuid = {37AB58EA-213E-4E82-9B52-CE7D65F3FDA4}
	EndGlobalSection
EndGlobal
